# This file was autogenerated by Stack.
# You should not edit this file by hand.
# For more information, please see the documentation at:
#   https://docs.haskellstack.org/en/stable/lock_files

packages:
- completed:
    name: uvmhs
    version: 0.0.0.0
    git: https://github.com/uvm-plaid/uvmhs.git
    pantry-tree:
      size: 122489
      sha256: 166afbd43963c730748f5db2310bfb83fd53a77f1b3b18f63fb2f2a08cf146a3
    commit: e87cc0be5b5211c519b0721057a4bc3757e0c4fe
  original:
    git: https://github.com/uvm-plaid/uvmhs.git
    commit: e87cc0be5b5211c519b0721057a4bc3757e0c4fe
snapshots:
- completed:
    size: 563099
    url: https://raw.githubusercontent.com/commercialhaskell/stackage-snapshots/master/lts/17/2.yaml
    sha256: 92b1a17e31d0a978fca4bf270305d4d1dd8092271bf60eafbc9349c890854026
  original: lts-17.2
